
Microsoft Visual Studio Solution File, Format Version 12.00
# Visual Studio Version 17
VisualStudioVersion = 17.14.36511.14 d17.14
MinimumVisualStudioVersion = 10.0.40219.1
Project("{FAE04EC0-301F-11D3-BF4B-00C04F79EFBC}") = "ConcurrentOrchestration", "ConcurrentOrchestration\ConcurrentOrchestration.csproj", "{79C6DF6C-D4CA-47D2-AC36-2DB6AE7242ED}"
EndProject
Global
	GlobalSection(SolutionConfigurationPlatforms) = preSolution
		Debug|Any CPU = Debug|Any CPU
		Release|Any CPU = Release|Any CPU
	EndGlobalSection
	GlobalSection(ProjectConfigurationPlatforms) = postSolution
		{79C6DF6C-D4CA-47D2-AC36-2DB6AE7242ED}.Debug|Any CPU.ActiveCfg = Debug|Any CPU
		{79C6DF6C-D4CA-47D2-AC36-2DB6AE7242ED}.Debug|Any CPU.Build.0 = Debug|Any CPU
		{79C6DF6C-D4CA-47D2-AC36-2DB6AE7242ED}.Release|Any CPU.ActiveCfg = Release|Any CPU
		{79C6DF6C-D4CA-47D2-AC36-2DB6AE7242ED}.Release|Any CPU.Build.0 = Release|Any CPU
	EndGlobalSection
	GlobalSection(SolutionProperties) = preSolution
		HideSolutionNode = FALSE
	EndGlobalSection
	GlobalSection(ExtensibilityGlobals) = postSolution
		SolutionGuid = {F706F07A-B622-48A2-B1F5-1875E217F33B}
	EndGlobalSection
EndGlobal
